Microsoft Visual Studio Solution File, Format Version 12.00
# Visual Studio Version 17
VisualStudioVersion = 17.5.2.0
MinimumVisualStudioVersion = 10.0.40219.1
Project("{FAE04EC0-301F-11D3-BF4B-00C04F79EFBC}") = "School_API", "School_API.csproj", "{09D8A115-14C0-833A-6203-E6D3837B1DB0}"
EndProject
Global
	GlobalSection(SolutionConfigurationPlatforms) = preSolution
		Debug|Any CPU = Debug|Any CPU
		Release|Any CPU = Release|Any CPU
	EndGlobalSection
	GlobalSection(ProjectConfigurationPlatforms) = postSolution
		{09D8A115-14C0-833A-6203-E6D3837B1DB0}.Debug|Any CPU.ActiveCfg = Debug|Any CPU
		{09D8A115-14C0-833A-6203-E6D3837B1DB0}.Debug|Any CPU.Build.0 = Debug|Any CPU
		{09D8A115-14C0-833A-6203-E6D3837B1DB0}.Release|Any CPU.ActiveCfg = Release|Any CPU
		{09D8A115-14C0-833A-6203-E6D3837B1DB0}.Release|Any CPU.Build.0 = Release|Any CPU
	EndGlobalSection
	GlobalSection(SolutionProperties) = preSolution
		HideSolutionNode = FALSE
	EndGlobalSection
	GlobalSection(ExtensibilityGlobals) = postSolution
		SolutionGuid = {B9EC6EF6-6EA6-4176-9193-9B1CED55EA43}
	EndGlobalSection
EndGlobal
